
Microsoft Visual Studio Solution File, Format Version 12.00
# Visual Studio Version 17
VisualStudioVersion = 17.5.33516.290
MinimumVisualStudioVersion = 10.0.40219.1
Project("{9A19103F-16F7-4668-BE54-9A1E7A4F7556}") = "product.backend.api", "product.backend.api\product.backend.api.csproj", "{4B01FADA-DC8D-47C7-86E7-8C1614A3B087}"
EndProject
Project("{FAE04EC0-301F-11D3-BF4B-00C04F79EFBC}") = "product.backend.application", "product.backend.application\product.backend.application.csproj", "{8C8D5896-F77B-43A0-B6E1-86A71E1E8318}"
EndProject
Project("{FAE04EC0-301F-11D3-BF4B-00C04F79EFBC}") = "product.backend.domain", "product.backend.domain\product.backend.domain.csproj", "{1AF7F24F-B003-4173-9226-E8A407347C0B}"
EndProject
Project("{FAE04EC0-301F-11D3-BF4B-00C04F79EFBC}") = "product.backend.infraestructure", "product.backend.infraestructure\product.backend.infraestructure.csproj", "{DC0ED2BC-29AA-4551-A5F7-14B259FE2265}"
EndProject
Project("{FAE04EC0-301F-11D3-BF4B-00C04F79EFBC}") = "product.backend.shared", "product.backend.shared\product.backend.shared.csproj", "{4F013843-04AB-491F-BFF8-74DB0B8033C3}"
EndProject
Global
	GlobalSection(SolutionConfigurationPlatforms) = preSolution
		Debug|Any CPU = Debug|Any CPU
		Release|Any CPU = Release|Any CPU
	EndGlobalSection
	GlobalSection(ProjectConfigurationPlatforms) = postSolution
		{4B01FADA-DC8D-47C7-86E7-8C1614A3B087}.Debug|Any CPU.ActiveCfg = Debug|Any CPU
		{4B01FADA-DC8D-47C7-86E7-8C1614A3B087}.Debug|Any CPU.Build.0 = Debug|Any CPU
		{4B01FADA-DC8D-47C7-86E7-8C1614A3B087}.Release|Any CPU.ActiveCfg = Release|Any CPU
		{4B01FADA-DC8D-47C7-86E7-8C1614A3B087}.Release|Any CPU.Build.0 = Release|Any CPU
		{8C8D5896-F77B-43A0-B6E1-86A71E1E8318}.Debug|Any CPU.ActiveCfg = Debug|Any CPU
		{8C8D5896-F77B-43A0-B6E1-86A71E1E8318}.Debug|Any CPU.Build.0 = Debug|Any CPU
		{8C8D5896-F77B-43A0-B6E1-86A71E1E8318}.Release|Any CPU.ActiveCfg = Release|Any CPU
		{8C8D5896-F77B-43A0-B6E1-86A71E1E8318}.Release|Any CPU.Build.0 = Release|Any CPU
		{1AF7F24F-B003-4173-9226-E8A407347C0B}.Debug|Any CPU.ActiveCfg = Debug|Any CPU
		{1AF7F24F-B003-4173-9226-E8A407347C0B}.Debug|Any CPU.Build.0 = Debug|Any CPU
		{1AF7F24F-B003-4173-9226-E8A407347C0B}.Release|Any CPU.ActiveCfg = Release|Any CPU
		{1AF7F24F-B003-4173-9226-E8A407347C0B}.Release|Any CPU.Build.0 = Release|Any CPU
		{DC0ED2BC-29AA-4551-A5F7-14B259FE2265}.Debug|Any CPU.ActiveCfg = Debug|Any CPU
		{DC0ED2BC-29AA-4551-A5F7-14B259FE2265}.Debug|Any CPU.Build.0 = Debug|Any CPU
		{DC0ED2BC-29AA-4551-A5F7-14B259FE2265}.Release|Any CPU.ActiveCfg = Release|Any CPU
		{DC0ED2BC-29AA-4551-A5F7-14B259FE2265}.Release|Any CPU.Build.0 = Release|Any CPU
		{4F013843-04AB-491F-BFF8-74DB0B8033C3}.Debug|Any CPU.ActiveCfg = Debug|Any CPU
		{4F013843-04AB-491F-BFF8-74DB0B8033C3}.Debug|Any CPU.Build.0 = Debug|Any CPU
		{4F013843-04AB-491F-BFF8-74DB0B8033C3}.Release|Any CPU.ActiveCfg = Release|Any CPU
		{4F013843-04AB-491F-BFF8-74DB0B8033C3}.Release|Any CPU.Build.0 = Release|Any CPU
	EndGlobalSection
	GlobalSection(SolutionProperties) = preSolution
		HideSolutionNode = FALSE
	EndGlobalSection
	GlobalSection(ExtensibilityGlobals) = postSolution
		SolutionGuid = {D5261F1B-713C-4001-836F-44F278A18081}
	EndGlobalSection
EndGlobal
