
Microsoft Visual Studio Solution File, Format Version 12.00
# Visual Studio Version 17
VisualStudioVersion = 17.5.33516.290
MinimumVisualStudioVersion = 10.0.40219.1
Project("{FAE04EC0-301F-11D3-BF4B-00C04F79EFBC}") = "user.backend.api", "user.backend.api\user.backend.api.csproj", "{8D285876-22BA-4805-969C-B5393748A8EB}"
EndProject
Project("{FAE04EC0-301F-11D3-BF4B-00C04F79EFBC}") = "user.backend.application", "user.backend.application\user.backend.application.csproj", "{4ABB07ED-9AC4-475E-A8A4-669075855214}"
EndProject
Project("{FAE04EC0-301F-11D3-BF4B-00C04F79EFBC}") = "user.backend.domain", "user.backend.domain\user.backend.domain.csproj", "{DB295212-778B-477F-9D02-59B563DF8616}"
EndProject
Project("{FAE04EC0-301F-11D3-BF4B-00C04F79EFBC}") = "user.backend.infraestructure", "user.backend.infraestructure\user.backend.infraestructure.csproj", "{491ED5A5-23AE-4782-8F6D-C5A08AAEE22E}"
EndProject
Project("{FAE04EC0-301F-11D3-BF4B-00C04F79EFBC}") = "user.backend.shared", "user.backend.shared\user.backend.shared.csproj", "{698EC47D-2329-4B87-A093-F25012077161}"
EndProject
Global
	GlobalSection(SolutionConfigurationPlatforms) = preSolution
		Debug|Any CPU = Debug|Any CPU
		Release|Any CPU = Release|Any CPU
	EndGlobalSection
	GlobalSection(ProjectConfigurationPlatforms) = postSolution
		{8D285876-22BA-4805-969C-B5393748A8EB}.Debug|Any CPU.ActiveCfg = Debug|Any CPU
		{8D285876-22BA-4805-969C-B5393748A8EB}.Debug|Any CPU.Build.0 = Debug|Any CPU
		{8D285876-22BA-4805-969C-B5393748A8EB}.Release|Any CPU.ActiveCfg = Release|Any CPU
		{8D285876-22BA-4805-969C-B5393748A8EB}.Release|Any CPU.Build.0 = Release|Any CPU
		{4ABB07ED-9AC4-475E-A8A4-669075855214}.Debug|Any CPU.ActiveCfg = Debug|Any CPU
		{4ABB07ED-9AC4-475E-A8A4-669075855214}.Debug|Any CPU.Build.0 = Debug|Any CPU
		{4ABB07ED-9AC4-475E-A8A4-669075855214}.Release|Any CPU.ActiveCfg = Release|Any CPU
		{4ABB07ED-9AC4-475E-A8A4-669075855214}.Release|Any CPU.Build.0 = Release|Any CPU
		{DB295212-778B-477F-9D02-59B563DF8616}.Debug|Any CPU.ActiveCfg = Debug|Any CPU
		{DB295212-778B-477F-9D02-59B563DF8616}.Debug|Any CPU.Build.0 = Debug|Any CPU
		{DB295212-778B-477F-9D02-59B563DF8616}.Release|Any CPU.ActiveCfg = Release|Any CPU
		{DB295212-778B-477F-9D02-59B563DF8616}.Release|Any CPU.Build.0 = Release|Any CPU
		{491ED5A5-23AE-4782-8F6D-C5A08AAEE22E}.Debug|Any CPU.ActiveCfg = Debug|Any CPU
		{491ED5A5-23AE-4782-8F6D-C5A08AAEE22E}.Debug|Any CPU.Build.0 = Debug|Any CPU
		{491ED5A5-23AE-4782-8F6D-C5A08AAEE22E}.Release|Any CPU.ActiveCfg = Release|Any CPU
		{491ED5A5-23AE-4782-8F6D-C5A08AAEE22E}.Release|Any CPU.Build.0 = Release|Any CPU
		{698EC47D-2329-4B87-A093-F25012077161}.Debug|Any CPU.ActiveCfg = Debug|Any CPU
		{698EC47D-2329-4B87-A093-F25012077161}.Debug|Any CPU.Build.0 = Debug|Any CPU
		{698EC47D-2329-4B87-A093-F25012077161}.Release|Any CPU.ActiveCfg = Release|Any CPU
		{698EC47D-2329-4B87-A093-F25012077161}.Release|Any CPU.Build.0 = Release|Any CPU
	EndGlobalSection
	GlobalSection(SolutionProperties) = preSolution
		HideSolutionNode = FALSE
	EndGlobalSection
	GlobalSection(ExtensibilityGlobals) = postSolution
		SolutionGuid = {919B4811-F70F-4878-898A-33AF7EA10338}
	EndGlobalSection
EndGlobal
